
Microsoft Visual Studio Solution File, Format Version 12.00
# Visual Studio Version 17
VisualStudioVersion = 17.14.36518.9 d17.14
MinimumVisualStudioVersion = 10.0.40219.1
Project("{FAE04EC0-301F-11D3-BF4B-00C04F79EFBC}") = "29.11.25Dz", "29.11.25Dz\29.11.25Dz.csproj", "{3291C470-B71B-4EEA-B8F8-729D3BE03D4A}"
EndProject
Global
	GlobalSection(SolutionConfigurationPlatforms) = preSolution
		Debug|Any CPU = Debug|Any CPU
		Release|Any CPU = Release|Any CPU
	EndGlobalSection
	GlobalSection(ProjectConfigurationPlatforms) = postSolution
		{3291C470-B71B-4EEA-B8F8-729D3BE03D4A}.Debug|Any CPU.ActiveCfg = Debug|Any CPU
		{3291C470-B71B-4EEA-B8F8-729D3BE03D4A}.Debug|Any CPU.Build.0 = Debug|Any CPU
		{3291C470-B71B-4EEA-B8F8-729D3BE03D4A}.Release|Any CPU.ActiveCfg = Release|Any CPU
		{3291C470-B71B-4EEA-B8F8-729D3BE03D4A}.Release|Any CPU.Build.0 = Release|Any CPU
	EndGlobalSection
	GlobalSection(SolutionProperties) = preSolution
		HideSolutionNode = FALSE
	EndGlobalSection
	GlobalSection(ExtensibilityGlobals) = postSolution
		SolutionGuid = {67870D0C-E4E2-4CD6-93F9-7D30FEE4A90D}
	EndGlobalSection
EndGlobal
